// !$*UTF8*$!
{
	archiveVersion = 1;
	classes = {
	};
	objectVersion = 55;
	objects = {

/* Begin PBXBuildFile section */
		4C1E0F60288A26AE003A4FF2 /* PostPresenter.swift in Sources */ = {isa = PBXBuildFile; fileRef = 4C1E0F59288A26AE003A4FF2 /* PostPresenter.swift */; };
		4C1E0F61288A26AE003A4FF2 /* PostLocalDataManager.swift in Sources */ = {isa = PBXBuildFile; fileRef = 4C1E0F5A288A26AE003A4FF2 /* PostLocalDataManager.swift */; };
		4C1E0F62288A26AE003A4FF2 /* PostProtocols.swift in Sources */ = {isa = PBXBuildFile; fileRef = 4C1E0F5B288A26AE003A4FF2 /* PostProtocols.swift */; };
		4C1E0F63288A26AE003A4FF2 /* PostInteractor.swift in Sources */ = {isa = PBXBuildFile; fileRef = 4C1E0F5C288A26AE003A4FF2 /* PostInteractor.swift */; };
		4C1E0F65288A26AE003A4FF2 /* PostRemoteDataManager.swift in Sources */ = {isa = PBXBuildFile; fileRef = 4C1E0F5E288A26AE003A4FF2 /* PostRemoteDataManager.swift */; };
		4C1E0F66288A26AE003A4FF2 /* PostWireFrame.swift in Sources */ = {isa = PBXBuildFile; fileRef = 4C1E0F5F288A26AE003A4FF2 /* PostWireFrame.swift */; };
		4C1E0F6B288A2740003A4FF2 /* PostUseCase.swift in Sources */ = {isa = PBXBuildFile; fileRef = 4C1E0F6A288A2740003A4FF2 /* PostUseCase.swift */; };
		4C1E0F6F288A27D6003A4FF2 /* InitViewControllerUseCase.swift in Sources */ = {isa = PBXBuildFile; fileRef = 4C1E0F6E288A27D6003A4FF2 /* InitViewControllerUseCase.swift */; };
		4C1E0F74288A2843003A4FF2 /* PostViewController.swift in Sources */ = {isa = PBXBuildFile; fileRef = 4C1E0F72288A2843003A4FF2 /* PostViewController.swift */; };
		4C1E0F79288A2989003A4FF2 /* EndPoint.swift in Sources */ = {isa = PBXBuildFile; fileRef = 4C1E0F78288A2989003A4FF2 /* EndPoint.swift */; };
		4C1E0F7B288A2A5B003A4FF2 /* PostService.swift in Sources */ = {isa = PBXBuildFile; fileRef = 4C1E0F7A288A2A5B003A4FF2 /* PostService.swift */; };
		4C1E0F7D288A2D70003A4FF2 /* PostResponse.swift in Sources */ = {isa = PBXBuildFile; fileRef = 4C1E0F7C288A2D6F003A4FF2 /* PostResponse.swift */; };
		4C1E0F81288A2E13003A4FF2 /* Post.swift in Sources */ = {isa = PBXBuildFile; fileRef = 4C1E0F80288A2E13003A4FF2 /* Post.swift */; };
		4C1E0F83288A2EE4003A4FF2 /* PostEndpoint.swift in Sources */ = {isa = PBXBuildFile; fileRef = 4C1E0F82288A2EE4003A4FF2 /* PostEndpoint.swift */; };
		4C1E0F85288A328A003A4FF2 /* Post.storyboard in Resources */ = {isa = PBXBuildFile; fileRef = 4C1E0F84288A328A003A4FF2 /* Post.storyboard */; };
		4C1E0F89288A372B003A4FF2 /* SearchBarCell.swift in Sources */ = {isa = PBXBuildFile; fileRef = 4C1E0F87288A372B003A4FF2 /* SearchBarCell.swift */; };
		4C1E0F8A288A372B003A4FF2 /* SearchBarCell.xib in Resources */ = {isa = PBXBuildFile; fileRef = 4C1E0F88288A372B003A4FF2 /* SearchBarCell.xib */; };
		4C1E0F8D288A377D003A4FF2 /* ProtocolCell.swift in Sources */ = {isa = PBXBuildFile; fileRef = 4C1E0F8C288A377D003A4FF2 /* ProtocolCell.swift */; };
		4C1E0F8F288A379A003A4FF2 /* CustomCell.swift in Sources */ = {isa = PBXBuildFile; fileRef = 4C1E0F8E288A379A003A4FF2 /* CustomCell.swift */; };
		4C1E0F93288A3831003A4FF2 /* PostCell.swift in Sources */ = {isa = PBXBuildFile; fileRef = 4C1E0F91288A3831003A4FF2 /* PostCell.swift */; };
		4C1E0F94288A3831003A4FF2 /* PostCell.xib in Resources */ = {isa = PBXBuildFile; fileRef = 4C1E0F92288A3831003A4FF2 /* PostCell.xib */; };
		4C1E0F96288A45E1003A4FF2 /* PostRequest.swift in Sources */ = {isa = PBXBuildFile; fileRef = 4C1E0F95288A45E1003A4FF2 /* PostRequest.swift */; };
		4CC3ADCD288A24F100BE536E /* AppDelegate.swift in Sources */ = {isa = PBXBuildFile; fileRef = 4CC3ADCC288A24F100BE536E /* AppDelegate.swift */; };
		4CC3ADCF288A24F100BE536E /* SceneDelegate.swift in Sources */ = {isa = PBXBuildFile; fileRef = 4CC3ADCE288A24F100BE536E /* SceneDelegate.swift */; };
		4CC3ADD4288A24F100BE536E /* Main.storyboard in Resources */ = {isa = PBXBuildFile; fileRef = 4CC3ADD2288A24F100BE536E /* Main.storyboard */; };
		4CC3ADD6288A24FB00BE536E /* Assets.xcassets in Resources */ = {isa = PBXBuildFile; fileRef = 4CC3ADD5288A24FB00BE536E /* Assets.xcassets */; };
		4CC3ADD9288A24FB00BE536E /* LaunchScreen.storyboard in Resources */ = {isa = PBXBuildFile; fileRef = 4CC3ADD7288A24FB00BE536E /* LaunchScreen.storyboard */; };
		9398A05C6D9902F74FD164D3 /* Pods_bankinterbank.framework in Frameworks */ = {isa = PBXBuildFile; fileRef = 63087FE2DC0E3BDF16BC2F4C /* Pods_bankinterbank.framework */; };
/* End PBXBuildFile section */

/* Begin PBXFileReference section */
		1296661A5D41C3A8EB1A0545 /* Pods-bankinterbank.debug.xcconfig */ = {isa = PBXFileReference; includeInIndex = 1; lastKnownFileType = text.xcconfig; name = "Pods-bankinterbank.debug.xcconfig"; path = "Target Support Files/Pods-bankinterbank/Pods-bankinterbank.debug.xcconfig"; sourceTree = "<group>"; };
		39B828E41F67CC363B9E9FEF /* Pods-bankinterbank.release.xcconfig */ = {isa = PBXFileReference; includeInIndex = 1; lastKnownFileType = text.xcconfig; name = "Pods-bankinterbank.release.xcconfig"; path = "Target Support Files/Pods-bankinterbank/Pods-bankinterbank.release.xcconfig"; sourceTree = "<group>"; };
		4C1E0F59288A26AE003A4FF2 /* PostPresenter.swift */ = {isa = PBXFileReference; lastKnownFileType = sourcecode.swift; path = PostPresenter.swift; sourceTree = "<group>"; };
		4C1E0F5A288A26AE003A4FF2 /* PostLocalDataManager.swift */ = {isa = PBXFileReference; lastKnownFileType = sourcecode.swift; path = PostLocalDataManager.swift; sourceTree = "<group>"; };
		4C1E0F5B288A26AE003A4FF2 /* PostProtocols.swift */ = {isa = PBXFileReference; lastKnownFileType = sourcecode.swift; path = PostProtocols.swift; sourceTree = "<group>"; };
		4C1E0F5C288A26AE003A4FF2 /* PostInteractor.swift */ = {isa = PBXFileReference; lastKnownFileType = sourcecode.swift; path = PostInteractor.swift; sourceTree = "<group>"; };
		4C1E0F5E288A26AE003A4FF2 /* PostRemoteDataManager.swift */ = {isa = PBXFileReference; lastKnownFileType = sourcecode.swift; path = PostRemoteDataManager.swift; sourceTree = "<group>"; };
		4C1E0F5F288A26AE003A4FF2 /* PostWireFrame.swift */ = {isa = PBXFileReference; lastKnownFileType = sourcecode.swift; path = PostWireFrame.swift; sourceTree = "<group>"; };
		4C1E0F6A288A2740003A4FF2 /* PostUseCase.swift */ = {isa = PBXFileReference; lastKnownFileType = sourcecode.swift; path = PostUseCase.swift; sourceTree = "<group>"; };
		4C1E0F6E288A27D6003A4FF2 /* InitViewControllerUseCase.swift */ = {isa = PBXFileReference; lastKnownFileType = sourcecode.swift; path = InitViewControllerUseCase.swift; sourceTree = "<group>"; };
		4C1E0F72288A2843003A4FF2 /* PostViewController.swift */ = {isa = PBXFileReference; lastKnownFileType = sourcecode.swift; path = PostViewController.swift; sourceTree = "<group>"; };
		4C1E0F78288A2989003A4FF2 /* EndPoint.swift */ = {isa = PBXFileReference; lastKnownFileType = sourcecode.swift; path = EndPoint.swift; sourceTree = "<group>"; };
		4C1E0F7A288A2A5B003A4FF2 /* PostService.swift */ = {isa = PBXFileReference; lastKnownFileType = sourcecode.swift; path = PostService.swift; sourceTree = "<group>"; };
		4C1E0F7C288A2D6F003A4FF2 /* PostResponse.swift */ = {isa = PBXFileReference; lastKnownFileType = sourcecode.swift; path = PostResponse.swift; sourceTree = "<group>"; };
		4C1E0F80288A2E13003A4FF2 /* Post.swift */ = {isa = PBXFileReference; lastKnownFileType = sourcecode.swift; path = Post.swift; sourceTree = "<group>"; };
		4C1E0F82288A2EE4003A4FF2 /* PostEndpoint.swift */ = {isa = PBXFileReference; lastKnownFileType = sourcecode.swift; path = PostEndpoint.swift; sourceTree = "<group>"; };
		4C1E0F84288A328A003A4FF2 /* Post.storyboard */ = {isa = PBXFileReference; lastKnownFileType = file.storyboard; path = Post.storyboard; sourceTree = "<group>"; };
		4C1E0F87288A372B003A4FF2 /* SearchBarCell.swift */ = {isa = PBXFileReference; lastKnownFileType = sourcecode.swift; path = SearchBarCell.swift; sourceTree = "<group>"; };
		4C1E0F88288A372B003A4FF2 /* SearchBarCell.xib */ = {isa = PBXFileReference; lastKnownFileType = file.xib; path = SearchBarCell.xib; sourceTree = "<group>"; };
		4C1E0F8C288A377D003A4FF2 /* ProtocolCell.swift */ = {isa = PBXFileReference; lastKnownFileType = sourcecode.swift; path = ProtocolCell.swift; sourceTree = "<group>"; };
		4C1E0F8E288A379A003A4FF2 /* CustomCell.swift */ = {isa = PBXFileReference; lastKnownFileType = sourcecode.swift; path = CustomCell.swift; sourceTree = "<group>"; };
		4C1E0F91288A3831003A4FF2 /* PostCell.swift */ = {isa = PBXFileReference; lastKnownFileType = sourcecode.swift; path = PostCell.swift; sourceTree = "<group>"; };
		4C1E0F92288A3831003A4FF2 /* PostCell.xib */ = {isa = PBXFileReference; lastKnownFileType = file.xib; path = PostCell.xib; sourceTree = "<group>"; };
		4C1E0F95288A45E1003A4FF2 /* PostRequest.swift */ = {isa = PBXFileReference; lastKnownFileType = sourcecode.swift; path = PostRequest.swift; sourceTree = "<group>"; };
		4CC3ADC9288A24F100BE536E /* bankinterbank.app */ = {isa = PBXFileReference; explicitFileType = wrapper.application; includeInIndex = 0; path = bankinterbank.app; sourceTree = BUILT_PRODUCTS_DIR; };
		4CC3ADCC288A24F100BE536E /* AppDelegate.swift */ = {isa = PBXFileReference; lastKnownFileType = sourcecode.swift; path = AppDelegate.swift; sourceTree = "<group>"; };
		4CC3ADCE288A24F100BE536E /* SceneDelegate.swift */ = {isa = PBXFileReference; lastKnownFileType = sourcecode.swift; path = SceneDelegate.swift; sourceTree = "<group>"; };
		4CC3ADD3288A24F100BE536E /* Base */ = {isa = PBXFileReference; lastKnownFileType = file.storyboard; name = Base; path = Base.lproj/Main.storyboard; sourceTree = "<group>"; };
		4CC3ADD5288A24FB00BE536E /* Assets.xcassets */ = {isa = PBXFileReference; lastKnownFileType = folder.assetcatalog; path = Assets.xcassets; sourceTree = "<group>"; };
		4CC3ADD8288A24FB00BE536E /* Base */ = {isa = PBXFileReference; lastKnownFileType = file.storyboard; name = Base; path = Base.lproj/LaunchScreen.storyboard; sourceTree = "<group>"; };
		4CC3ADDA288A24FB00BE536E /* Info.plist */ = {isa = PBXFileReference; lastKnownFileType = text.plist.xml; path = Info.plist; sourceTree = "<group>"; };
		63087FE2DC0E3BDF16BC2F4C /* Pods_bankinterbank.framework */ = {isa = PBXFileReference; explicitFileType = wrapper.framework; includeInIndex = 0; path = Pods_bankinterbank.framework; sourceTree = BUILT_PRODUCTS_DIR; };
/* End PBXFileReference section */

/* Begin PBXFrameworksBuildPhase section */
		4CC3ADC6288A24F100BE536E /* Frameworks */ = {
			isa = PBXFrameworksBuildPhase;
			buildActionMask = 2147483647;
			files = (
				9398A05C6D9902F74FD164D3 /* Pods_bankinterbank.framework in Frameworks */,
			);
			runOnlyForDeploymentPostprocessing = 0;
		};
/* End PBXFrameworksBuildPhase section */

/* Begin PBXGroup section */
		4C1E0F67288A26C3003A4FF2 /* Post */ = {
			isa = PBXGroup;
			children = (
				4C1E0F84288A328A003A4FF2 /* Post.storyboard */,
				4C1E0F72288A2843003A4FF2 /* PostViewController.swift */,
				4C1E0F59288A26AE003A4FF2 /* PostPresenter.swift */,
				4C1E0F5A288A26AE003A4FF2 /* PostLocalDataManager.swift */,
				4C1E0F5B288A26AE003A4FF2 /* PostProtocols.swift */,
				4C1E0F5C288A26AE003A4FF2 /* PostInteractor.swift */,
				4C1E0F5E288A26AE003A4FF2 /* PostRemoteDataManager.swift */,
				4C1E0F5F288A26AE003A4FF2 /* PostWireFrame.swift */,
			);
			path = Post;
			sourceTree = "<group>";
		};
		4C1E0F68288A271B003A4FF2 /* UseCase */ = {
			isa = PBXGroup;
			children = (
				4C1E0F6C288A2760003A4FF2 /* InitViewController */,
				4C1E0F6D288A2790003A4FF2 /* Post */,
			);
			path = UseCase;
			sourceTree = "<group>";
		};
		4C1E0F69288A2728003A4FF2 /* Modules */ = {
			isa = PBXGroup;
			children = (
				4C1E0F86288A36E6003A4FF2 /* Cells */,
				4C1E0F67288A26C3003A4FF2 /* Post */,
			);
			path = Modules;
			sourceTree = "<group>";
		};
		4C1E0F6C288A2760003A4FF2 /* InitViewController */ = {
			isa = PBXGroup;
			children = (
				4C1E0F6E288A27D6003A4FF2 /* InitViewControllerUseCase.swift */,
			);
			path = InitViewController;
			sourceTree = "<group>";
		};
		4C1E0F6D288A2790003A4FF2 /* Post */ = {
			isa = PBXGroup;
			children = (
				4C1E0F6A288A2740003A4FF2 /* PostUseCase.swift */,
			);
			path = Post;
			sourceTree = "<group>";
		};
		4C1E0F76288A295C003A4FF2 /* Networking */ = {
			isa = PBXGroup;
			children = (
				4C1E0F77288A2966003A4FF2 /* Post */,
				4C1E0F78288A2989003A4FF2 /* EndPoint.swift */,
			);
			path = Networking;
			sourceTree = "<group>";
		};
		4C1E0F77288A2966003A4FF2 /* Post */ = {
			isa = PBXGroup;
			children = (
				4C1E0F7A288A2A5B003A4FF2 /* PostService.swift */,
				4C1E0F7C288A2D6F003A4FF2 /* PostResponse.swift */,
				4C1E0F82288A2EE4003A4FF2 /* PostEndpoint.swift */,
				4C1E0F95288A45E1003A4FF2 /* PostRequest.swift */,
			);
			path = Post;
			sourceTree = "<group>";
		};
		4C1E0F7E288A2DF2003A4FF2 /* Model */ = {
			isa = PBXGroup;
			children = (
				4C1E0F7F288A2E07003A4FF2 /* Post */,
			);
			path = Model;
			sourceTree = "<group>";
		};
		4C1E0F7F288A2E07003A4FF2 /* Post */ = {
			isa = PBXGroup;
			children = (
				4C1E0F80288A2E13003A4FF2 /* Post.swift */,
			);
			path = Post;
			sourceTree = "<group>";
		};
		4C1E0F86288A36E6003A4FF2 /* Cells */ = {
			isa = PBXGroup;
			children = (
				4C1E0F8E288A379A003A4FF2 /* CustomCell.swift */,
				4C1E0F8C288A377D003A4FF2 /* ProtocolCell.swift */,
				4C1E0F90288A381A003A4FF2 /* PostCell */,
				4C1E0F8B288A3731003A4FF2 /* SearchBarCell */,
			);
			path = Cells;
			sourceTree = "<group>";
		};
		4C1E0F8B288A3731003A4FF2 /* SearchBarCell */ = {
			isa = PBXGroup;
			children = (
				4C1E0F87288A372B003A4FF2 /* SearchBarCell.swift */,
				4C1E0F88288A372B003A4FF2 /* SearchBarCell.xib */,
			);
			path = SearchBarCell;
			sourceTree = "<group>";
		};
		4C1E0F90288A381A003A4FF2 /* PostCell */ = {
			isa = PBXGroup;
			children = (
				4C1E0F91288A3831003A4FF2 /* PostCell.swift */,
				4C1E0F92288A3831003A4FF2 /* PostCell.xib */,
			);
			path = PostCell;
			sourceTree = "<group>";
		};
		4CC3ADC0288A24F100BE536E = {
			isa = PBXGroup;
			children = (
				4CC3ADCB288A24F100BE536E /* bankinterbank */,
				4CC3ADCA288A24F100BE536E /* Products */,
				BD7ADF867C888648AE5E8E90 /* Pods */,
				B38A508E544A7D822ED4B013 /* Frameworks */,
			);
			sourceTree = "<group>";
		};
		4CC3ADCA288A24F100BE536E /* Products */ = {
			isa = PBXGroup;
			children = (
				4CC3ADC9288A24F100BE536E /* bankinterbank.app */,
			);
			name = Products;
			sourceTree = "<group>";
		};
		4CC3ADCB288A24F100BE536E /* bankinterbank */ = {
			isa = PBXGroup;
			children = (
				4CC3ADCC288A24F100BE536E /* AppDelegate.swift */,
				4CC3ADCE288A24F100BE536E /* SceneDelegate.swift */,
				4C1E0F69288A2728003A4FF2 /* Modules */,
				4C1E0F68288A271B003A4FF2 /* UseCase */,
				4C1E0F76288A295C003A4FF2 /* Networking */,
				4C1E0F7E288A2DF2003A4FF2 /* Model */,
				4CC3ADD2288A24F100BE536E /* Main.storyboard */,
				4CC3ADD5288A24FB00BE536E /* Assets.xcassets */,
				4CC3ADD7288A24FB00BE536E /* LaunchScreen.storyboard */,
				4CC3ADDA288A24FB00BE536E /* Info.plist */,
			);
			path = bankinterbank;
			sourceTree = "<group>";
		};
		B38A508E544A7D822ED4B013 /* Frameworks */ = {
			isa = PBXGroup;
			children = (
				63087FE2DC0E3BDF16BC2F4C /* Pods_bankinterbank.framework */,
			);
			name = Frameworks;
			sourceTree = "<group>";
		};
		BD7ADF867C888648AE5E8E90 /* Pods */ = {
			isa = PBXGroup;
			children = (
				1296661A5D41C3A8EB1A0545 /* Pods-bankinterbank.debug.xcconfig */,
				39B828E41F67CC363B9E9FEF /* Pods-bankinterbank.release.xcconfig */,
			);
			path = Pods;
			sourceTree = "<group>";
		};
/* End PBXGroup section */

/* Begin PBXNativeTarget section */
		4CC3ADC8288A24F100BE536E /* bankinterbank */ = {
			isa = PBXNativeTarget;
			buildConfigurationList = 4CC3ADDD288A24FB00BE536E /* Build configuration list for PBXNativeTarget "bankinterbank" */;
			buildPhases = (
				F0EFAF65ABD528C29AEB2F2C /* [CP] Check Pods Manifest.lock */,
				4CC3ADC5288A24F100BE536E /* Sources */,
				4CC3ADC6288A24F100BE536E /* Frameworks */,
				4CC3ADC7288A24F100BE536E /* Resources */,
				203B8D791E8A7A5773172A30 /* [CP] Embed Pods Frameworks */,
			);
			buildRules = (
			);
			dependencies = (
			);
			name = bankinterbank;
			productName = bankinterbank;
			productReference = 4CC3ADC9288A24F100BE536E /* bankinterbank.app */;
			productType = "com.apple.product-type.application";
		};
/* End PBXNativeTarget section */

/* Begin PBXProject section */
		4CC3ADC1288A24F100BE536E /* Project object */ = {
			isa = PBXProject;
			attributes = {
				BuildIndependentTargetsInParallel = 1;
				LastSwiftUpdateCheck = 1340;
				LastUpgradeCheck = 1340;
				TargetAttributes = {
					4CC3ADC8288A24F100BE536E = {
						CreatedOnToolsVersion = 13.4;
					};
				};
			};
			buildConfigurationList = 4CC3ADC4288A24F100BE536E /* Build configuration list for PBXProject "bankinterbank" */;
			compatibilityVersion = "Xcode 13.0";
			developmentRegion = en;
			hasScannedForEncodings = 0;
			knownRegions = (
				en,
				Base,
			);
			mainGroup = 4CC3ADC0288A24F100BE536E;
			productRefGroup = 4CC3ADCA288A24F100BE536E /* Products */;
			projectDirPath = "";
			projectRoot = "";
			targets = (
				4CC3ADC8288A24F100BE536E /* bankinterbank */,
			);
		};
/* End PBXProject section */

/* Begin PBXResourcesBuildPhase section */
		4CC3ADC7288A24F100BE536E /* Resources */ = {
			isa = PBXResourcesBuildPhase;
			buildActionMask = 2147483647;
			files = (
				4CC3ADD9288A24FB00BE536E /* LaunchScreen.storyboard in Resources */,
				4C1E0F94288A3831003A4FF2 /* PostCell.xib in Resources */,
				4CC3ADD6288A24FB00BE536E /* Assets.xcassets in Resources */,
				4CC3ADD4288A24F100BE536E /* Main.storyboard in Resources */,
				4C1E0F8A288A372B003A4FF2 /* SearchBarCell.xib in Resources */,
				4C1E0F85288A328A003A4FF2 /* Post.storyboard in Resources */,
			);
			runOnlyForDeploymentPostprocessing = 0;
		};
/* End PBXResourcesBuildPhase section */

/* Begin PBXShellScriptBuildPhase section */
		203B8D791E8A7A5773172A30 /* [CP] Embed Pods Frameworks */ = {
			isa = PBXShellScriptBuildPhase;
			buildActionMask = 2147483647;
			files = (
			);
			inputFileListPaths = (
				"${PODS_ROOT}/Target Support Files/Pods-bankinterbank/Pods-bankinterbank-frameworks-${CONFIGURATION}-input-files.xcfilelist",
			);
			name = "[CP] Embed Pods Frameworks";
			outputFileListPaths = (
				"${PODS_ROOT}/Target Support Files/Pods-bankinterbank/Pods-bankinterbank-frameworks-${CONFIGURATION}-output-files.xcfilelist",
			);
			runOnlyForDeploymentPostprocessing = 0;
			shellPath = /bin/sh;
			shellScript = "\"${PODS_ROOT}/Target Support Files/Pods-bankinterbank/Pods-bankinterbank-frameworks.sh\"\n";
			showEnvVarsInLog = 0;
		};
		F0EFAF65ABD528C29AEB2F2C /* [CP] Check Pods Manifest.lock */ = {
			isa = PBXShellScriptBuildPhase;
			buildActionMask = 2147483647;
			files = (
			);
			inputFileListPaths = (
			);
			inputPaths = (
				"${PODS_PODFILE_DIR_PATH}/Podfile.lock",
				"${PODS_ROOT}/Manifest.lock",
			);
			name = "[CP] Check Pods Manifest.lock";
			outputFileListPaths = (
			);
			outputPaths = (
				"$(DERIVED_FILE_DIR)/Pods-bankinterbank-checkManifestLockResult.txt",
			);
			runOnlyForDeploymentPostprocessing = 0;
			shellPath = /bin/sh;
			shellScript = "diff \"${PODS_PODFILE_DIR_PATH}/Podfile.lock\" \"${PODS_ROOT}/Manifest.lock\" > /dev/null\nif [ $? != 0 ] ; then\n    # print error to STDERR\n    echo \"error: The sandbox is not in sync with the Podfile.lock. Run 'pod install' or update your CocoaPods installation.\" >&2\n    exit 1\nfi\n# This output is used by Xcode 'outputs' to avoid re-running this script phase.\necho \"SUCCESS\" > \"${SCRIPT_OUTPUT_FILE_0}\"\n";
			showEnvVarsInLog = 0;
		};
/* End PBXShellScriptBuildPhase section */

/* Begin PBXSourcesBuildPhase section */
		4CC3ADC5288A24F100BE536E /* Sources */ = {
			isa = PBXSourcesBuildPhase;
			buildActionMask = 2147483647;
			files = (
				4C1E0F74288A2843003A4FF2 /* PostViewController.swift in Sources */,
				4C1E0F96288A45E1003A4FF2 /* PostRequest.swift in Sources */,
				4C1E0F63288A26AE003A4FF2 /* PostInteractor.swift in Sources */,
				4CC3ADCD288A24F100BE536E /* AppDelegate.swift in Sources */,
				4C1E0F66288A26AE003A4FF2 /* PostWireFrame.swift in Sources */,
				4C1E0F83288A2EE4003A4FF2 /* PostEndpoint.swift in Sources */,
				4CC3ADCF288A24F100BE536E /* SceneDelegate.swift in Sources */,
				4C1E0F89288A372B003A4FF2 /* SearchBarCell.swift in Sources */,
				4C1E0F6B288A2740003A4FF2 /* PostUseCase.swift in Sources */,
				4C1E0F8F288A379A003A4FF2 /* CustomCell.swift in Sources */,
				4C1E0F79288A2989003A4FF2 /* EndPoint.swift in Sources */,
				4C1E0F60288A26AE003A4FF2 /* PostPresenter.swift in Sources */,
				4C1E0F7D288A2D70003A4FF2 /* PostResponse.swift in Sources */,
				4C1E0F81288A2E13003A4FF2 /* Post.swift in Sources */,
				4C1E0F6F288A27D6003A4FF2 /* InitViewControllerUseCase.swift in Sources */,
				4C1E0F65288A26AE003A4FF2 /* PostRemoteDataManager.swift in Sources */,
				4C1E0F7B288A2A5B003A4FF2 /* PostService.swift in Sources */,
				4C1E0F62288A26AE003A4FF2 /* PostProtocols.swift in Sources */,
				4C1E0F61288A26AE003A4FF2 /* PostLocalDataManager.swift in Sources */,
				4C1E0F8D288A377D003A4FF2 /* ProtocolCell.swift in Sources */,
				4C1E0F93288A3831003A4FF2 /* PostCell.swift in Sources */,
			);
			runOnlyForDeploymentPostprocessing = 0;
		};
/* End PBXSourcesBuildPhase section */

/* Begin PBXVariantGroup section */
		4CC3ADD2288A24F100BE536E /* Main.storyboard */ = {
			isa = PBXVariantGroup;
			children = (
				4CC3ADD3288A24F100BE536E /* Base */,
			);
			name = Main.storyboard;
			sourceTree = "<group>";
		};
		4CC3ADD7288A24FB00BE536E /* LaunchScreen.storyboard */ = {
			isa = PBXVariantGroup;
			children = (
				4CC3ADD8288A24FB00BE536E /* Base */,
			);
			name = LaunchScreen.storyboard;
			sourceTree = "<group>";
		};
/* End PBXVariantGroup section */

/* Begin XCBuildConfiguration section */
		4CC3ADDB288A24FB00BE536E /* Debug */ = {
			isa = XCBuildConfiguration;
			buildSettings = {
				ALWAYS_SEARCH_USER_PATHS = NO;
				CLANG_ANALYZER_NONNULL = YES;
				CLANG_ANALYZER_NUMBER_OBJECT_CONVERSION = YES_AGGRESSIVE;
				CLANG_CXX_LANGUAGE_STANDARD = "gnu++17";
				CLANG_ENABLE_MODULES = YES;
				CLANG_ENABLE_OBJC_ARC = YES;
				CLANG_ENABLE_OBJC_WEAK = YES;
				CLANG_WARN_BLOCK_CAPTURE_AUTORELEASING = YES;
				CLANG_WARN_BOOL_CONVERSION = YES;
				CLANG_WARN_COMMA = YES;
				CLANG_WARN_CONSTANT_CONVERSION = YES;
				CLANG_WARN_DEPRECATED_OBJC_IMPLEMENTATIONS = YES;
				CLANG_WARN_DIRECT_OBJC_ISA_USAGE = YES_ERROR;
				CLANG_WARN_DOCUMENTATION_COMMENTS = YES;
				CLANG_WARN_EMPTY_BODY = YES;
				CLANG_WARN_ENUM_CONVERSION = YES;
				CLANG_WARN_INFINITE_RECURSION = YES;
				CLANG_WARN_INT_CONVERSION = YES;
				CLANG_WARN_NON_LITERAL_NULL_CONVERSION = YES;
				CLANG_WARN_OBJC_IMPLICIT_RETAIN_SELF = YES;
				CLANG_WARN_OBJC_LITERAL_CONVERSION = YES;
				CLANG_WARN_OBJC_ROOT_CLASS = YES_ERROR;
				CLANG_WARN_QUOTED_INCLUDE_IN_FRAMEWORK_HEADER = YES;
				CLANG_WARN_RANGE_LOOP_ANALYSIS = YES;
				CLANG_WARN_STRICT_PROTOTYPES = YES;
				CLANG_WARN_SUSPICIOUS_MOVE = YES;
				CLANG_WARN_UNGUARDED_AVAILABILITY = YES_AGGRESSIVE;
				CLANG_WARN_UNREACHABLE_CODE = YES;
				CLANG_WARN__DUPLICATE_METHOD_MATCH = YES;
				COPY_PHASE_STRIP = NO;
				DEBUG_INFORMATION_FORMAT = dwarf;
				ENABLE_STRICT_OBJC_MSGSEND = YES;
				ENABLE_TESTABILITY = YES;
				GCC_C_LANGUAGE_STANDARD = gnu11;
				GCC_DYNAMIC_NO_PIC = NO;
				GCC_NO_COMMON_BLOCKS = YES;
				GCC_OPTIMIZATION_LEVEL = 0;
				GCC_PREPROCESSOR_DEFINITIONS = (
					"DEBUG=1",
					"$(inherited)",
				);
				GCC_WARN_64_TO_32_BIT_CONVERSION = YES;
				GCC_WARN_ABOUT_RETURN_TYPE = YES_ERROR;
				GCC_WARN_UNDECLARED_SELECTOR = YES;
				GCC_WARN_UNINITIALIZED_AUTOS = YES_AGGRESSIVE;
				GCC_WARN_UNUSED_FUNCTION = YES;
				GCC_WARN_UNUSED_VARIABLE = YES;
				IPHONEOS_DEPLOYMENT_TARGET = 15.5;
				MTL_ENABLE_DEBUG_INFO = INCLUDE_SOURCE;
				MTL_FAST_MATH = YES;
				ONLY_ACTIVE_ARCH = YES;
				SDKROOT = iphoneos;
				SWIFT_ACTIVE_COMPILATION_CONDITIONS = DEBUG;
				SWIFT_OPTIMIZATION_LEVEL = "-Onone";
			};
			name = Debug;
		};
		4CC3ADDC288A24FB00BE536E /* Release */ = {
			isa = XCBuildConfiguration;
			buildSettings = {
				ALWAYS_SEARCH_USER_PATHS = NO;
				CLANG_ANALYZER_NONNULL = YES;
				CLANG_ANALYZER_NUMBER_OBJECT_CONVERSION = YES_AGGRESSIVE;
				CLANG_CXX_LANGUAGE_STANDARD = "gnu++17";
				CLANG_ENABLE_MODULES = YES;
				CLANG_ENABLE_OBJC_ARC = YES;
				CLANG_ENABLE_OBJC_WEAK = YES;
				CLANG_WARN_BLOCK_CAPTURE_AUTORELEASING = YES;
				CLANG_WARN_BOOL_CONVERSION = YES;
				CLANG_WARN_COMMA = YES;
				CLANG_WARN_CONSTANT_CONVERSION = YES;
				CLANG_WARN_DEPRECATED_OBJC_IMPLEMENTATIONS = YES;
				CLANG_WARN_DIRECT_OBJC_ISA_USAGE = YES_ERROR;
				CLANG_WARN_DOCUMENTATION_COMMENTS = YES;
				CLANG_WARN_EMPTY_BODY = YES;
				CLANG_WARN_ENUM_CONVERSION = YES;
				CLANG_WARN_INFINITE_RECURSION = YES;
				CLANG_WARN_INT_CONVERSION = YES;
				CLANG_WARN_NON_LITERAL_NULL_CONVERSION = YES;
				CLANG_WARN_OBJC_IMPLICIT_RETAIN_SELF = YES;
				CLANG_WARN_OBJC_LITERAL_CONVERSION = YES;
				CLANG_WARN_OBJC_ROOT_CLASS = YES_ERROR;
				CLANG_WARN_QUOTED_INCLUDE_IN_FRAMEWORK_HEADER = YES;
				CLANG_WARN_RANGE_LOOP_ANALYSIS = YES;
				CLANG_WARN_STRICT_PROTOTYPES = YES;
				CLANG_WARN_SUSPICIOUS_MOVE = YES;
				CLANG_WARN_UNGUARDED_AVAILABILITY = YES_AGGRESSIVE;
				CLANG_WARN_UNREACHABLE_CODE = YES;
				CLANG_WARN__DUPLICATE_METHOD_MATCH = YES;
				COPY_PHASE_STRIP = NO;
				DEBUG_INFORMATION_FORMAT = "dwarf-with-dsym";
				ENABLE_NS_ASSERTIONS = NO;
				ENABLE_STRICT_OBJC_MSGSEND = YES;
				GCC_C_LANGUAGE_STANDARD = gnu11;
				GCC_NO_COMMON_BLOCKS = YES;
				GCC_WARN_64_TO_32_BIT_CONVERSION = YES;
				GCC_WARN_ABOUT_RETURN_TYPE = YES_ERROR;
				GCC_WARN_UNDECLARED_SELECTOR = YES;
				GCC_WARN_UNINITIALIZED_AUTOS = YES_AGGRESSIVE;
				GCC_WARN_UNUSED_FUNCTION = YES;
				GCC_WARN_UNUSED_VARIABLE = YES;
				IPHONEOS_DEPLOYMENT_TARGET = 15.5;
				MTL_ENABLE_DEBUG_INFO = NO;
				MTL_FAST_MATH = YES;
				SDKROOT = iphoneos;
				SWIFT_COMPILATION_MODE = wholemodule;
				SWIFT_OPTIMIZATION_LEVEL = "-O";
				VALIDATE_PRODUCT = YES;
			};
			name = Release;
		};
		4CC3ADDE288A24FB00BE536E /* Debug */ = {
			isa = XCBuildConfiguration;
			baseConfigurationReference = 1296661A5D41C3A8EB1A0545 /* Pods-bankinterbank.debug.xcconfig */;
			buildSettings = {
				ASSETCATALOG_COMPILER_APPICON_NAME = AppIcon;
				ASSETCATALOG_COMPILER_GLOBAL_ACCENT_COLOR_NAME = AccentColor;
				CODE_SIGN_STYLE = Automatic;
				CURRENT_PROJECT_VERSION = 1;
				DEVELOPMENT_TEAM = JGHBCD3B3C;
				GENERATE_INFOPLIST_FILE = YES;
				INFOPLIST_FILE = bankinterbank/Info.plist;
				INFOPLIST_KEY_UIApplicationSupportsIndirectInputEvents = YES;
				INFOPLIST_KEY_UILaunchStoryboardName = LaunchScreen;
				INFOPLIST_KEY_UIMainStoryboardFile = Main;
				INFOPLIST_KEY_UISupportedInterfaceOrientations_iPad = "UIInterfaceOrientationPortrait UIInterfaceOrientationPortraitUpsideDown UIInterfaceOrientationLandscapeLeft UIInterfaceOrientationLandscapeRight";
				INFOPLIST_KEY_UISupportedInterfaceOrientations_iPhone = "UIInterfaceOrientationPortrait UIInterfaceOrientationLandscapeLeft UIInterfaceOrientationLandscapeRight";
				LD_RUNPATH_SEARCH_PATHS = (
					"$(inherited)",
					"@executable_path/Frameworks",
				);
				MARKETING_VERSION = 1.0;
				PRODUCT_BUNDLE_IDENTIFIER = com.miguel.otero.bankinterbank;
				PRODUCT_NAME = "$(TARGET_NAME)";
				SWIFT_EMIT_LOC_STRINGS = YES;
				SWIFT_VERSION = 5.0;
				TARGETED_DEVICE_FAMILY = "1,2";
			};
			name = Debug;
		};
		4CC3ADDF288A24FB00BE536E /* Release */ = {
			isa = XCBuildConfiguration;
			baseConfigurationReference = 39B828E41F67CC363B9E9FEF /* Pods-bankinterbank.release.xcconfig */;
			buildSettings = {
				ASSETCATALOG_COMPILER_APPICON_NAME = AppIcon;
				ASSETCATALOG_COMPILER_GLOBAL_ACCENT_COLOR_NAME = AccentColor;
				CODE_SIGN_STYLE = Automatic;
				CURRENT_PROJECT_VERSION = 1;
				DEVELOPMENT_TEAM = JGHBCD3B3C;
				GENERATE_INFOPLIST_FILE = YES;
				INFOPLIST_FILE = bankinterbank/Info.plist;
				INFOPLIST_KEY_UIApplicationSupportsIndirectInputEvents = YES;
				INFOPLIST_KEY_UILaunchStoryboardName = LaunchScreen;
				INFOPLIST_KEY_UIMainStoryboardFile = Main;
				INFOPLIST_KEY_UISupportedInterfaceOrientations_iPad = "UIInterfaceOrientationPortrait UIInterfaceOrientationPortraitUpsideDown UIInterfaceOrientationLandscapeLeft UIInterfaceOrientationLandscapeRight";
				INFOPLIST_KEY_UISupportedInterfaceOrientations_iPhone = "UIInterfaceOrientationPortrait UIInterfaceOrientationLandscapeLeft UIInterfaceOrientationLandscapeRight";
				LD_RUNPATH_SEARCH_PATHS = (
					"$(inherited)",
					"@executable_path/Frameworks",
				);
				MARKETING_VERSION = 1.0;
				PRODUCT_BUNDLE_IDENTIFIER = com.miguel.otero.bankinterbank;
				PRODUCT_NAME = "$(TARGET_NAME)";
				SWIFT_EMIT_LOC_STRINGS = YES;
				SWIFT_VERSION = 5.0;
				TARGETED_DEVICE_FAMILY = "1,2";
			};
			name = Release;
		};
/* End XCBuildConfiguration section */

/* Begin XCConfigurationList section */
		4CC3ADC4288A24F100BE536E /* Build configuration list for PBXProject "bankinterbank" */ = {
			isa = XCConfigurationList;
			buildConfigurations = (
				4CC3ADDB288A24FB00BE536E /* Debug */,
				4CC3ADDC288A24FB00BE536E /* Release */,
			);
			defaultConfigurationIsVisible = 0;
			defaultConfigurationName = Release;
		};
		4CC3ADDD288A24FB00BE536E /* Build configuration list for PBXNativeTarget "bankinterbank" */ = {
			isa = XCConfigurationList;
			buildConfigurations = (
				4CC3ADDE288A24FB00BE536E /* Debug */,
				4CC3ADDF288A24FB00BE536E /* Release */,
			);
			defaultConfigurationIsVisible = 0;
			defaultConfigurationName = Release;
		};
/* End XCConfigurationList section */
	};
	rootObject = 4CC3ADC1288A24F100BE536E /* Project object */;
}
